
Microsoft Visual Studio Solution File, Format Version 12.00
# Visual Studio Version 17
VisualStudioVersion = 17.2.32516.85
MinimumVisualStudioVersion = 10.0.40219.1
Project("{00D1A9C2-B5F0-4AF3-8072-F6C62B433612}") = "WeatherAppDB", "WeatherAppDB\WeatherAppDB.sqlproj", "{2CCF495E-4451-4948-A1A1-BDDF1E54E83B}"
EndProject
Global
	GlobalSection(SolutionConfigurationPlatforms) = preSolution
		Debug|Any CPU = Debug|Any CPU
		Release|Any CPU = Release|Any CPU
	EndGlobalSection
	GlobalSection(ProjectConfigurationPlatforms) = postSolution
		{2CCF495E-4451-4948-A1A1-BDDF1E54E83B}.Debug|Any CPU.ActiveCfg = Debug|Any CPU
		{2CCF495E-4451-4948-A1A1-BDDF1E54E83B}.Debug|Any CPU.Build.0 = Debug|Any CPU
		{2CCF495E-4451-4948-A1A1-BDDF1E54E83B}.Debug|Any CPU.Deploy.0 = Debug|Any CPU
		{2CCF495E-4451-4948-A1A1-BDDF1E54E83B}.Release|Any CPU.ActiveCfg = Release|Any CPU
		{2CCF495E-4451-4948-A1A1-BDDF1E54E83B}.Release|Any CPU.Build.0 = Release|Any CPU
		{2CCF495E-4451-4948-A1A1-BDDF1E54E83B}.Release|Any CPU.Deploy.0 = Release|Any CPU
	EndGlobalSection
	GlobalSection(SolutionProperties) = preSolution
		HideSolutionNode = FALSE
	EndGlobalSection
	GlobalSection(ExtensibilityGlobals) = postSolution
		SolutionGuid = {8E9B1D5E-4962-4DBE-94E8-46370FEA6C45}
	EndGlobalSection
EndGlobal
