
Microsoft Visual Studio Solution File, Format Version 12.00
# Visual Studio Version 17
VisualStudioVersion = 17.2.32516.85
MinimumVisualStudioVersion = 10.0.40219.1
Project("{FAE04EC0-301F-11D3-BF4B-00C04F79EFBC}") = "WeatherAppAPI", "WeatherAppAPI\WeatherAppAPI.csproj", "{295BD448-D4C9-4B5F-A5A5-0C35F009AEF1}"
EndProject
Project("{FAE04EC0-301F-11D3-BF4B-00C04F79EFBC}") = "WeatherAppAPI.Tests", "WeatherAppAPI.Tests\WeatherAppAPI.Tests.csproj", "{C12EF2C6-BB3D-4516-985F-6266995AB449}"
EndProject
Global
	GlobalSection(SolutionConfigurationPlatforms) = preSolution
		Debug|Any CPU = Debug|Any CPU
		Release|Any CPU = Release|Any CPU
	EndGlobalSection
	GlobalSection(ProjectConfigurationPlatforms) = postSolution
		{295BD448-D4C9-4B5F-A5A5-0C35F009AEF1}.Debug|Any CPU.ActiveCfg = Debug|Any CPU
		{295BD448-D4C9-4B5F-A5A5-0C35F009AEF1}.Debug|Any CPU.Build.0 = Debug|Any CPU
		{295BD448-D4C9-4B5F-A5A5-0C35F009AEF1}.Release|Any CPU.ActiveCfg = Release|Any CPU
		{295BD448-D4C9-4B5F-A5A5-0C35F009AEF1}.Release|Any CPU.Build.0 = Release|Any CPU
		{C12EF2C6-BB3D-4516-985F-6266995AB449}.Debug|Any CPU.ActiveCfg = Debug|Any CPU
		{C12EF2C6-BB3D-4516-985F-6266995AB449}.Debug|Any CPU.Build.0 = Debug|Any CPU
		{C12EF2C6-BB3D-4516-985F-6266995AB449}.Release|Any CPU.ActiveCfg = Release|Any CPU
		{C12EF2C6-BB3D-4516-985F-6266995AB449}.Release|Any CPU.Build.0 = Release|Any CPU
	EndGlobalSection
	GlobalSection(SolutionProperties) = preSolution
		HideSolutionNode = FALSE
	EndGlobalSection
	GlobalSection(ExtensibilityGlobals) = postSolution
		SolutionGuid = {2DE7CC43-BA6B-4638-B141-CB32E51F0007}
	EndGlobalSection
EndGlobal
